// !$*UTF8*$!
{
	archiveVersion = 1;
	classes = {
	};
	objectVersion = 46;
	objects = {

/* Begin PBXBuildFile section */
		D014120F1EC08CB500B1BE0B /* main.m in Sources */ = {isa = PBXBuildFile; fileRef = D014120E1EC08CB500B1BE0B /* main.m */; };
		D01412121EC08CB500B1BE0B /* AppDelegate.m in Sources */ = {isa = PBXBuildFile; fileRef = D01412111EC08CB500B1BE0B /* AppDelegate.m */; };
		D014121A1EC08CB500B1BE0B /* Assets.xcassets in Resources */ = {isa = PBXBuildFile; fileRef = D01412191EC08CB500B1BE0B /* Assets.xcassets */; };
		D01412251EC08CED00B1BE0B /* LaunchScreen.xib in Resources */ = {isa = PBXBuildFile; fileRef = D01412241EC08CED00B1BE0B /* LaunchScreen.xib */; };
		D014122A1EC08D4B00B1BE0B /* MainViewController.m in Sources */ = {isa = PBXBuildFile; fileRef = D01412281EC08D4B00B1BE0B /* MainViewController.m */; };
		D014122B1EC08D4B00B1BE0B /* MainViewController.xib in Resources */ = {isa = PBXBuildFile; fileRef = D01412291EC08D4B00B1BE0B /* MainViewController.xib */; };
		D014122F1EC08D5D00B1BE0B /* SettingsViewController.m in Sources */ = {isa = PBXBuildFile; fileRef = D014122D1EC08D5D00B1BE0B /* SettingsViewController.m */; };
		D01412301EC08D5D00B1BE0B /* SettingsViewController.xib in Resources */ = {isa = PBXBuildFile; fileRef = D014122E1EC08D5D00B1BE0B /* SettingsViewController.xib */; };
		D01412331EC08DB200B1BE0B /* SettingsDAO.m in Sources */ = {isa = PBXBuildFile; fileRef = D01412321EC08DB200B1BE0B /* SettingsDAO.m */; };
		D01412371EC08DEF00B1BE0B /* BaseGidget.m in Sources */ = {isa = PBXBuildFile; fileRef = D01412361EC08DEF00B1BE0B /* BaseGidget.m */; };
		D014123C1EC0921300B1BE0B /* SettingsTableViewCell.m in Sources */ = {isa = PBXBuildFile; fileRef = D014123A1EC0921300B1BE0B /* SettingsTableViewCell.m */; };
		D014123D1EC0921300B1BE0B /* SettingsTableViewCell.xib in Resources */ = {isa = PBXBuildFile; fileRef = D014123B1EC0921300B1BE0B /* SettingsTableViewCell.xib */; };
		D01412411EC09BA700B1BE0B /* BaseViewController.m in Sources */ = {isa = PBXBuildFile; fileRef = D01412401EC09BA700B1BE0B /* BaseViewController.m */; };
		D01412431EC0A4E500B1BE0B /* SettingsConstants.m in Sources */ = {isa = PBXBuildFile; fileRef = D01412421EC0A4E500B1BE0B /* SettingsConstants.m */; };
		D01412461EC0A81800B1BE0B /* WeatherGidget.m in Sources */ = {isa = PBXBuildFile; fileRef = D01412451EC0A81800B1BE0B /* WeatherGidget.m */; };
		D01412481EC0A86C00B1BE0B /* WeatherGidget.xib in Resources */ = {isa = PBXBuildFile; fileRef = D01412471EC0A86C00B1BE0B /* WeatherGidget.xib */; };
		D01BF1061EC224A500C159D1 /* FontUtil.m in Sources */ = {isa = PBXBuildFile; fileRef = D01BF1051EC224A500C159D1 /* FontUtil.m */; };
		D01BF1091EC225A300C159D1 /* BaseUtil.m in Sources */ = {isa = PBXBuildFile; fileRef = D01BF1081EC225A300C159D1 /* BaseUtil.m */; };
		D01BF10F1EC22D5900C159D1 /* NSStringCategories.m in Sources */ = {isa = PBXBuildFile; fileRef = D01BF10E1EC22D5900C159D1 /* NSStringCategories.m */; };
		D07C51DC1EC252AB00894D59 /* BaseConnectionManager.m in Sources */ = {isa = PBXBuildFile; fileRef = D07C51DB1EC252AB00894D59 /* BaseConnectionManager.m */; };
		D07C51DF1EC256F000894D59 /* WeatherConnectionManager.m in Sources */ = {isa = PBXBuildFile; fileRef = D07C51DE1EC256F000894D59 /* WeatherConnectionManager.m */; };
/* End PBXBuildFile section */

/* Begin PBXFileReference section */
		D014120A1EC08CB500B1BE0B /* Gidgeteer.app */ = {isa = PBXFileReference; explicitFileType = wrapper.application; includeInIndex = 0; path = Gidgeteer.app; sourceTree = BUILT_PRODUCTS_DIR; };
		D014120E1EC08CB500B1BE0B /* main.m */ = {isa = PBXFileReference; lastKnownFileType = sourcecode.c.objc; path = main.m; sourceTree = "<group>"; };
		D01412101EC08CB500B1BE0B /* AppDelegate.h */ = {isa = PBXFileReference; lastKnownFileType = sourcecode.c.h; path = AppDelegate.h; sourceTree = "<group>"; };
		D01412111EC08CB500B1BE0B /* AppDelegate.m */ = {isa = PBXFileReference; lastKnownFileType = sourcecode.c.objc; path = AppDelegate.m; sourceTree = "<group>"; };
		D01412191EC08CB500B1BE0B /* Assets.xcassets */ = {isa = PBXFileReference; lastKnownFileType = folder.assetcatalog; path = Assets.xcassets; sourceTree = "<group>"; };
		D014121E1EC08CB500B1BE0B /* Info.plist */ = {isa = PBXFileReference; lastKnownFileType = text.plist.xml; path = Info.plist; sourceTree = "<group>"; };
		D01412241EC08CED00B1BE0B /* LaunchScreen.xib */ = {isa = PBXFileReference; fileEncoding = 4; lastKnownFileType = file.xib; path = LaunchScreen.xib; sourceTree = "<group>"; };
		D01412271EC08D4B00B1BE0B /* MainViewController.h */ = {isa = PBXFileReference; fileEncoding = 4; lastKnownFileType = sourcecode.c.h; path = MainViewController.h; sourceTree = "<group>"; };
		D01412281EC08D4B00B1BE0B /* MainViewController.m */ = {isa = PBXFileReference; fileEncoding = 4; lastKnownFileType = sourcecode.c.objc; path = MainViewController.m; sourceTree = "<group>"; };
		D01412291EC08D4B00B1BE0B /* MainViewController.xib */ = {isa = PBXFileReference; fileEncoding = 4; lastKnownFileType = file.xib; path = MainViewController.xib; sourceTree = "<group>"; };
		D014122C1EC08D5D00B1BE0B /* SettingsViewController.h */ = {isa = PBXFileReference; fileEncoding = 4; lastKnownFileType = sourcecode.c.h; path = SettingsViewController.h; sourceTree = "<group>"; };
		D014122D1EC08D5D00B1BE0B /* SettingsViewController.m */ = {isa = PBXFileReference; fileEncoding = 4; lastKnownFileType = sourcecode.c.objc; path = SettingsViewController.m; sourceTree = "<group>"; };
		D014122E1EC08D5D00B1BE0B /* SettingsViewController.xib */ = {isa = PBXFileReference; fileEncoding = 4; lastKnownFileType = file.xib; path = SettingsViewController.xib; sourceTree = "<group>"; };
		D01412311EC08DB200B1BE0B /* SettingsDAO.h */ = {isa = PBXFileReference; fileEncoding = 4; lastKnownFileType = sourcecode.c.h; path = SettingsDAO.h; sourceTree = "<group>"; };
		D01412321EC08DB200B1BE0B /* SettingsDAO.m */ = {isa = PBXFileReference; fileEncoding = 4; lastKnownFileType = sourcecode.c.objc; path = SettingsDAO.m; sourceTree = "<group>"; };
		D01412351EC08DEF00B1BE0B /* BaseGidget.h */ = {isa = PBXFileReference; fileEncoding = 4; lastKnownFileType = sourcecode.c.h; path = BaseGidget.h; sourceTree = "<group>"; };
		D01412361EC08DEF00B1BE0B /* BaseGidget.m */ = {isa = PBXFileReference; fileEncoding = 4; lastKnownFileType = sourcecode.c.objc; path = BaseGidget.m; sourceTree = "<group>"; };
		D01412391EC0921300B1BE0B /* SettingsTableViewCell.h */ = {isa = PBXFileReference; fileEncoding = 4; lastKnownFileType = sourcecode.c.h; path = SettingsTableViewCell.h; sourceTree = "<group>"; };
		D014123A1EC0921300B1BE0B /* SettingsTableViewCell.m */ = {isa = PBXFileReference; fileEncoding = 4; lastKnownFileType = sourcecode.c.objc; path = SettingsTableViewCell.m; sourceTree = "<group>"; };
		D014123B1EC0921300B1BE0B /* SettingsTableViewCell.xib */ = {isa = PBXFileReference; fileEncoding = 4; lastKnownFileType = file.xib; path = SettingsTableViewCell.xib; sourceTree = "<group>"; };
		D014123E1EC0967F00B1BE0B /* SettingsConstants.h */ = {isa = PBXFileReference; lastKnownFileType = sourcecode.c.h; path = SettingsConstants.h; sourceTree = "<group>"; };
		D014123F1EC09BA700B1BE0B /* BaseViewController.h */ = {isa = PBXFileReference; fileEncoding = 4; lastKnownFileType = sourcecode.c.h; path = BaseViewController.h; sourceTree = "<group>"; };
		D01412401EC09BA700B1BE0B /* BaseViewController.m */ = {isa = PBXFileReference; fileEncoding = 4; lastKnownFileType = sourcecode.c.objc; path = BaseViewController.m; sourceTree = "<group>"; };
		D01412421EC0A4E500B1BE0B /* SettingsConstants.m */ = {isa = PBXFileReference; fileEncoding = 4; lastKnownFileType = sourcecode.c.objc; path = SettingsConstants.m; sourceTree = "<group>"; };
		D01412441EC0A81800B1BE0B /* WeatherGidget.h */ = {isa = PBXFileReference; fileEncoding = 4; lastKnownFileType = sourcecode.c.h; path = WeatherGidget.h; sourceTree = "<group>"; };
		D01412451EC0A81800B1BE0B /* WeatherGidget.m */ = {isa = PBXFileReference; fileEncoding = 4; lastKnownFileType = sourcecode.c.objc; path = WeatherGidget.m; sourceTree = "<group>"; };
		D01412471EC0A86C00B1BE0B /* WeatherGidget.xib */ = {isa = PBXFileReference; fileEncoding = 4; lastKnownFileType = file.xib; path = WeatherGidget.xib; sourceTree = "<group>"; };
		D01BF1041EC224A500C159D1 /* FontUtil.h */ = {isa = PBXFileReference; fileEncoding = 4; lastKnownFileType = sourcecode.c.h; path = FontUtil.h; sourceTree = "<group>"; };
		D01BF1051EC224A500C159D1 /* FontUtil.m */ = {isa = PBXFileReference; fileEncoding = 4; lastKnownFileType = sourcecode.c.objc; path = FontUtil.m; sourceTree = "<group>"; };
		D01BF1071EC225A300C159D1 /* BaseUtil.h */ = {isa = PBXFileReference; fileEncoding = 4; lastKnownFileType = sourcecode.c.h; path = BaseUtil.h; sourceTree = "<group>"; };
		D01BF1081EC225A300C159D1 /* BaseUtil.m */ = {isa = PBXFileReference; fileEncoding = 4; lastKnownFileType = sourcecode.c.objc; path = BaseUtil.m; sourceTree = "<group>"; };
		D01BF10D1EC22D5900C159D1 /* NSStringCategories.h */ = {isa = PBXFileReference; fileEncoding = 4; lastKnownFileType = sourcecode.c.h; path = NSStringCategories.h; sourceTree = "<group>"; };
		D01BF10E1EC22D5900C159D1 /* NSStringCategories.m */ = {isa = PBXFileReference; fileEncoding = 4; lastKnownFileType = sourcecode.c.objc; path = NSStringCategories.m; sourceTree = "<group>"; };
		D07C51DA1EC252AB00894D59 /* BaseConnectionManager.h */ = {isa = PBXFileReference; fileEncoding = 4; lastKnownFileType = sourcecode.c.h; path = BaseConnectionManager.h; sourceTree = "<group>"; };
		D07C51DB1EC252AB00894D59 /* BaseConnectionManager.m */ = {isa = PBXFileReference; fileEncoding = 4; lastKnownFileType = sourcecode.c.objc; path = BaseConnectionManager.m; sourceTree = "<group>"; };
		D07C51DD1EC256F000894D59 /* WeatherConnectionManager.h */ = {isa = PBXFileReference; fileEncoding = 4; lastKnownFileType = sourcecode.c.h; path = WeatherConnectionManager.h; sourceTree = "<group>"; };
		D07C51DE1EC256F000894D59 /* WeatherConnectionManager.m */ = {isa = PBXFileReference; fileEncoding = 4; lastKnownFileType = sourcecode.c.objc; path = WeatherConnectionManager.m; sourceTree = "<group>"; };
/* End PBXFileReference section */

/* Begin PBXFrameworksBuildPhase section */
		D01412071EC08CB500B1BE0B /* Frameworks */ = {
			isa = PBXFrameworksBuildPhase;
			buildActionMask = 2147483647;
			files = (
			);
			runOnlyForDeploymentPostprocessing = 0;
		};
/* End PBXFrameworksBuildPhase section */

/* Begin PBXGroup section */
		D01412011EC08CB500B1BE0B = {
			isa = PBXGroup;
			children = (
				D014120C1EC08CB500B1BE0B /* Gidgeteer */,
				D014120B1EC08CB500B1BE0B /* Products */,
			);
			sourceTree = "<group>";
		};
		D014120B1EC08CB500B1BE0B /* Products */ = {
			isa = PBXGroup;
			children = (
				D014120A1EC08CB500B1BE0B /* Gidgeteer.app */,
			);
			name = Products;
			sourceTree = "<group>";
		};
		D014120C1EC08CB500B1BE0B /* Gidgeteer */ = {
			isa = PBXGroup;
			children = (
				D01412101EC08CB500B1BE0B /* AppDelegate.h */,
				D01412111EC08CB500B1BE0B /* AppDelegate.m */,
				D014123F1EC09BA700B1BE0B /* BaseViewController.h */,
				D01412401EC09BA700B1BE0B /* BaseViewController.m */,
				D07C51D71EC2525F00894D59 /* connectivity */,
				D01BF1031EC2248E00C159D1 /* util */,
				D01412261EC08D0F00B1BE0B /* vc */,
				D01412341EC08DBB00B1BE0B /* data */,
				D01412191EC08CB500B1BE0B /* Assets.xcassets */,
				D01412241EC08CED00B1BE0B /* LaunchScreen.xib */,
				D014121E1EC08CB500B1BE0B /* Info.plist */,
				D014120D1EC08CB500B1BE0B /* Supporting Files */,
			);
			path = Gidgeteer;
			sourceTree = "<group>";
		};
		D014120D1EC08CB500B1BE0B /* Supporting Files */ = {
			isa = PBXGroup;
			children = (
				D014120E1EC08CB500B1BE0B /* main.m */,
			);
			name = "Supporting Files";
			sourceTree = "<group>";
		};
		D01412261EC08D0F00B1BE0B /* vc */ = {
			isa = PBXGroup;
			children = (
				D01412271EC08D4B00B1BE0B /* MainViewController.h */,
				D01412281EC08D4B00B1BE0B /* MainViewController.m */,
				D01412291EC08D4B00B1BE0B /* MainViewController.xib */,
				D014123E1EC0967F00B1BE0B /* SettingsConstants.h */,
				D01412421EC0A4E500B1BE0B /* SettingsConstants.m */,
				D014122C1EC08D5D00B1BE0B /* SettingsViewController.h */,
				D014122D1EC08D5D00B1BE0B /* SettingsViewController.m */,
				D014122E1EC08D5D00B1BE0B /* SettingsViewController.xib */,
				D01412391EC0921300B1BE0B /* SettingsTableViewCell.h */,
				D014123A1EC0921300B1BE0B /* SettingsTableViewCell.m */,
				D014123B1EC0921300B1BE0B /* SettingsTableViewCell.xib */,
				D01412381EC08DF700B1BE0B /* gidgets */,
			);
			name = vc;
			sourceTree = "<group>";
		};
		D01412341EC08DBB00B1BE0B /* data */ = {
			isa = PBXGroup;
			children = (
				D01412311EC08DB200B1BE0B /* SettingsDAO.h */,
				D01412321EC08DB200B1BE0B /* SettingsDAO.m */,
			);
			name = data;
			sourceTree = "<group>";
		};
		D01412381EC08DF700B1BE0B /* gidgets */ = {
			isa = PBXGroup;
			children = (
				D01412351EC08DEF00B1BE0B /* BaseGidget.h */,
				D01412361EC08DEF00B1BE0B /* BaseGidget.m */,
				D01412441EC0A81800B1BE0B /* WeatherGidget.h */,
				D01412451EC0A81800B1BE0B /* WeatherGidget.m */,
				D01412471EC0A86C00B1BE0B /* WeatherGidget.xib */,
			);
			name = gidgets;
			sourceTree = "<group>";
		};
		D01BF1031EC2248E00C159D1 /* util */ = {
			isa = PBXGroup;
			children = (
				D01BF1071EC225A300C159D1 /* BaseUtil.h */,
				D01BF1081EC225A300C159D1 /* BaseUtil.m */,
				D01BF1041EC224A500C159D1 /* FontUtil.h */,
				D01BF1051EC224A500C159D1 /* FontUtil.m */,
				D01BF10D1EC22D5900C159D1 /* NSStringCategories.h */,
				D01BF10E1EC22D5900C159D1 /* NSStringCategories.m */,
			);
			name = util;
			sourceTree = "<group>";
		};
		D07C51D71EC2525F00894D59 /* connectivity */ = {
			isa = PBXGroup;
			children = (
				D07C51DA1EC252AB00894D59 /* BaseConnectionManager.h */,
				D07C51DB1EC252AB00894D59 /* BaseConnectionManager.m */,
				D07C51DD1EC256F000894D59 /* WeatherConnectionManager.h */,
				D07C51DE1EC256F000894D59 /* WeatherConnectionManager.m */,
			);
			name = connectivity;
			sourceTree = "<group>";
		};
/* End PBXGroup section */

/* Begin PBXNativeTarget section */
		D01412091EC08CB500B1BE0B /* Gidgeteer */ = {
			isa = PBXNativeTarget;
			buildConfigurationList = D01412211EC08CB500B1BE0B /* Build configuration list for PBXNativeTarget "Gidgeteer" */;
			buildPhases = (
				D01412061EC08CB500B1BE0B /* Sources */,
				D01412071EC08CB500B1BE0B /* Frameworks */,
				D01412081EC08CB500B1BE0B /* Resources */,
			);
			buildRules = (
			);
			dependencies = (
			);
			name = Gidgeteer;
			productName = Gidgeteer;
			productReference = D014120A1EC08CB500B1BE0B /* Gidgeteer.app */;
			productType = "com.apple.product-type.application";
		};
/* End PBXNativeTarget section */

/* Begin PBXProject section */
		D01412021EC08CB500B1BE0B /* Project object */ = {
			isa = PBXProject;
			attributes = {
				LastUpgradeCheck = 0830;
				ORGANIZATIONNAME = "Justin Noormand";
				TargetAttributes = {
					D01412091EC08CB500B1BE0B = {
						CreatedOnToolsVersion = 8.3.2;
						ProvisioningStyle = Automatic;
					};
				};
			};
			buildConfigurationList = D01412051EC08CB500B1BE0B /* Build configuration list for PBXProject "Gidgeteer" */;
			compatibilityVersion = "Xcode 3.2";
			developmentRegion = English;
			hasScannedForEncodings = 0;
			knownRegions = (
				en,
				Base,
			);
			mainGroup = D01412011EC08CB500B1BE0B;
			productRefGroup = D014120B1EC08CB500B1BE0B /* Products */;
			projectDirPath = "";
			projectRoot = "";
			targets = (
				D01412091EC08CB500B1BE0B /* Gidgeteer */,
			);
		};
/* End PBXProject section */

/* Begin PBXResourcesBuildPhase section */
		D01412081EC08CB500B1BE0B /* Resources */ = {
			isa = PBXResourcesBuildPhase;
			buildActionMask = 2147483647;
			files = (
				D01412251EC08CED00B1BE0B /* LaunchScreen.xib in Resources */,
				D014122B1EC08D4B00B1BE0B /* MainViewController.xib in Resources */,
				D014123D1EC0921300B1BE0B /* SettingsTableViewCell.xib in Resources */,
				D014121A1EC08CB500B1BE0B /* Assets.xcassets in Resources */,
				D01412301EC08D5D00B1BE0B /* SettingsViewController.xib in Resources */,
				D01412481EC0A86C00B1BE0B /* WeatherGidget.xib in Resources */,
			);
			runOnlyForDeploymentPostprocessing = 0;
		};
/* End PBXResourcesBuildPhase section */

/* Begin PBXSourcesBuildPhase section */
		D01412061EC08CB500B1BE0B /* Sources */ = {
			isa = PBXSourcesBuildPhase;
			buildActionMask = 2147483647;
			files = (
				D01412121EC08CB500B1BE0B /* AppDelegate.m in Sources */,
				D01412411EC09BA700B1BE0B /* BaseViewController.m in Sources */,
				D01BF1091EC225A300C159D1 /* BaseUtil.m in Sources */,
				D014122F1EC08D5D00B1BE0B /* SettingsViewController.m in Sources */,
				D07C51DC1EC252AB00894D59 /* BaseConnectionManager.m in Sources */,
				D01412371EC08DEF00B1BE0B /* BaseGidget.m in Sources */,
				D01BF10F1EC22D5900C159D1 /* NSStringCategories.m in Sources */,
				D07C51DF1EC256F000894D59 /* WeatherConnectionManager.m in Sources */,
				D014120F1EC08CB500B1BE0B /* main.m in Sources */,
				D01412431EC0A4E500B1BE0B /* SettingsConstants.m in Sources */,
				D01BF1061EC224A500C159D1 /* FontUtil.m in Sources */,
				D01412461EC0A81800B1BE0B /* WeatherGidget.m in Sources */,
				D014123C1EC0921300B1BE0B /* SettingsTableViewCell.m in Sources */,
				D014122A1EC08D4B00B1BE0B /* MainViewController.m in Sources */,
				D01412331EC08DB200B1BE0B /* SettingsDAO.m in Sources */,
			);
			runOnlyForDeploymentPostprocessing = 0;
		};
/* End PBXSourcesBuildPhase section */

/* Begin XCBuildConfiguration section */
		D014121F1EC08CB500B1BE0B /* Debug */ = {
			isa = XCBuildConfiguration;
			buildSettings = {
				ALWAYS_SEARCH_USER_PATHS = NO;
				CLANG_ANALYZER_NONNULL = YES;
				CLANG_ANALYZER_NUMBER_OBJECT_CONVERSION = YES_AGGRESSIVE;
				CLANG_CXX_LANGUAGE_STANDARD = "gnu++0x";
				CLANG_CXX_LIBRARY = "libc++";
				CLANG_ENABLE_MODULES = YES;
				CLANG_ENABLE_OBJC_ARC = YES;
				CLANG_WARN_BOOL_CONVERSION = YES;
				CLANG_WARN_CONSTANT_CONVERSION = YES;
				CLANG_WARN_DIRECT_OBJC_ISA_USAGE = YES_ERROR;
				CLANG_WARN_DOCUMENTATION_COMMENTS = YES;
				CLANG_WARN_EMPTY_BODY = YES;
				CLANG_WARN_ENUM_CONVERSION = YES;
				CLANG_WARN_INFINITE_RECURSION = YES;
				CLANG_WARN_INT_CONVERSION = YES;
				CLANG_WARN_OBJC_ROOT_CLASS = YES_ERROR;
				CLANG_WARN_SUSPICIOUS_MOVE = YES;
				CLANG_WARN_UNREACHABLE_CODE = YES;
				CLANG_WARN__DUPLICATE_METHOD_MATCH = YES;
				"CODE_SIGN_IDENTITY[sdk=iphoneos*]" = "iPhone Developer";
				COPY_PHASE_STRIP = NO;
				DEBUG_INFORMATION_FORMAT = dwarf;
				ENABLE_STRICT_OBJC_MSGSEND = YES;
				ENABLE_TESTABILITY = YES;
				GCC_C_LANGUAGE_STANDARD = gnu99;
				GCC_DYNAMIC_NO_PIC = NO;
				GCC_NO_COMMON_BLOCKS = YES;
				GCC_OPTIMIZATION_LEVEL = 0;
				GCC_PREPROCESSOR_DEFINITIONS = (
					"DEBUG=1",
					"$(inherited)",
				);
				GCC_WARN_64_TO_32_BIT_CONVERSION = YES;
				GCC_WARN_ABOUT_RETURN_TYPE = YES_ERROR;
				GCC_WARN_UNDECLARED_SELECTOR = YES;
				GCC_WARN_UNINITIALIZED_AUTOS = YES_AGGRESSIVE;
				GCC_WARN_UNUSED_FUNCTION = YES;
				GCC_WARN_UNUSED_VARIABLE = YES;
				IPHONEOS_DEPLOYMENT_TARGET = 10.3;
				MTL_ENABLE_DEBUG_INFO = YES;
				ONLY_ACTIVE_ARCH = YES;
				SDKROOT = iphoneos;
			};
			name = Debug;
		};
		D01412201EC08CB500B1BE0B /* Release */ = {
			isa = XCBuildConfiguration;
			buildSettings = {
				ALWAYS_SEARCH_USER_PATHS = NO;
				CLANG_ANALYZER_NONNULL = YES;
				CLANG_ANALYZER_NUMBER_OBJECT_CONVERSION = YES_AGGRESSIVE;
				CLANG_CXX_LANGUAGE_STANDARD = "gnu++0x";
				CLANG_CXX_LIBRARY = "libc++";
				CLANG_ENABLE_MODULES = YES;
				CLANG_ENABLE_OBJC_ARC = YES;
				CLANG_WARN_BOOL_CONVERSION = YES;
				CLANG_WARN_CONSTANT_CONVERSION = YES;
				CLANG_WARN_DIRECT_OBJC_ISA_USAGE = YES_ERROR;
				CLANG_WARN_DOCUMENTATION_COMMENTS = YES;
				CLANG_WARN_EMPTY_BODY = YES;
				CLANG_WARN_ENUM_CONVERSION = YES;
				CLANG_WARN_INFINITE_RECURSION = YES;
				CLANG_WARN_INT_CONVERSION = YES;
				CLANG_WARN_OBJC_ROOT_CLASS = YES_ERROR;
				CLANG_WARN_SUSPICIOUS_MOVE = YES;
				CLANG_WARN_UNREACHABLE_CODE = YES;
				CLANG_WARN__DUPLICATE_METHOD_MATCH = YES;
				"CODE_SIGN_IDENTITY[sdk=iphoneos*]" = "iPhone Developer";
				COPY_PHASE_STRIP = NO;
				DEBUG_INFORMATION_FORMAT = "dwarf-with-dsym";
				ENABLE_NS_ASSERTIONS = NO;
				ENABLE_STRICT_OBJC_MSGSEND = YES;
				GCC_C_LANGUAGE_STANDARD = gnu99;
				GCC_NO_COMMON_BLOCKS = YES;
				GCC_WARN_64_TO_32_BIT_CONVERSION = YES;
				GCC_WARN_ABOUT_RETURN_TYPE = YES_ERROR;
				GCC_WARN_UNDECLARED_SELECTOR = YES;
				GCC_WARN_UNINITIALIZED_AUTOS = YES_AGGRESSIVE;
				GCC_WARN_UNUSED_FUNCTION = YES;
				GCC_WARN_UNUSED_VARIABLE = YES;
				IPHONEOS_DEPLOYMENT_TARGET = 10.3;
				MTL_ENABLE_DEBUG_INFO = NO;
				SDKROOT = iphoneos;
				VALIDATE_PRODUCT = YES;
			};
			name = Release;
		};
		D01412221EC08CB500B1BE0B /* Debug */ = {
			isa = XCBuildConfiguration;
			buildSettings = {
				ASSETCATALOG_COMPILER_APPICON_NAME = AppIcon;
				GCC_SYMBOLS_PRIVATE_EXTERN = NO;
				INFOPLIST_FILE = Gidgeteer/Info.plist;
				LD_RUNPATH_SEARCH_PATHS = "$(inherited) @executable_path/Frameworks";
				PRODUCT_BUNDLE_IDENTIFIER = noormand.Gidgeteer;
				PRODUCT_NAME = "$(TARGET_NAME)";
			};
			name = Debug;
		};
		D01412231EC08CB500B1BE0B /* Release */ = {
			isa = XCBuildConfiguration;
			buildSettings = {
				ASSETCATALOG_COMPILER_APPICON_NAME = AppIcon;
				INFOPLIST_FILE = Gidgeteer/Info.plist;
				LD_RUNPATH_SEARCH_PATHS = "$(inherited) @executable_path/Frameworks";
				PRODUCT_BUNDLE_IDENTIFIER = noormand.Gidgeteer;
				PRODUCT_NAME = "$(TARGET_NAME)";
			};
			name = Release;
		};
/* End XCBuildConfiguration section */

/* Begin XCConfigurationList section */
		D01412051EC08CB500B1BE0B /* Build configuration list for PBXProject "Gidgeteer" */ = {
			isa = XCConfigurationList;
			buildConfigurations = (
				D014121F1EC08CB500B1BE0B /* Debug */,
				D01412201EC08CB500B1BE0B /* Release */,
			);
			defaultConfigurationIsVisible = 0;
			defaultConfigurationName = Release;
		};
		D01412211EC08CB500B1BE0B /* Build configuration list for PBXNativeTarget "Gidgeteer" */ = {
			isa = XCConfigurationList;
			buildConfigurations = (
				D01412221EC08CB500B1BE0B /* Debug */,
				D01412231EC08CB500B1BE0B /* Release */,
			);
			defaultConfigurationIsVisible = 0;
			defaultConfigurationName = Release;
		};
/* End XCConfigurationList section */
	};
	rootObject = D01412021EC08CB500B1BE0B /* Project object */;
}
